
Microsoft Visual Studio Solution File, Format Version 12.00
# Visual Studio Version 16
VisualStudioVersion = 16.0.30413.136
MinimumVisualStudioVersion = 10.0.40219.1
Project("{FAE04EC0-301F-11D3-BF4B-00C04F79EFBC}") = "ForWhile5", "ForWhile5\ForWhile5.csproj", "{4ED4C159-7EEC-442C-8E68-0626BA98D220}"
EndProject
Global
	GlobalSection(SolutionConfigurationPlatforms) = preSolution
		Debug|Any CPU = Debug|Any CPU
		Release|Any CPU = Release|Any CPU
	EndGlobalSection
	GlobalSection(ProjectConfigurationPlatforms) = postSolution
		{4ED4C159-7EEC-442C-8E68-0626BA98D220}.Debug|Any CPU.ActiveCfg = Debug|Any CPU
		{4ED4C159-7EEC-442C-8E68-0626BA98D220}.Debug|Any CPU.Build.0 = Debug|Any CPU
		{4ED4C159-7EEC-442C-8E68-0626BA98D220}.Release|Any CPU.ActiveCfg = Release|Any CPU
		{4ED4C159-7EEC-442C-8E68-0626BA98D220}.Release|Any CPU.Build.0 = Release|Any CPU
	EndGlobalSection
	GlobalSection(SolutionProperties) = preSolution
		HideSolutionNode = FALSE
	EndGlobalSection
	GlobalSection(ExtensibilityGlobals) = postSolution
		SolutionGuid = {B6A7AE8E-7D73-4905-A22D-E50D4607A61B}
	EndGlobalSection
EndGlobal
